// !$*UTF8*$!
{
	archiveVersion = 1;
	classes = {
	};
	objectVersion = 46;
	objects = {

/* Begin PBXBuildFile section */
		DFAF5ADB1C082B6C005691FA /* main.c in Sources */ = {isa = PBXBuildFile; fileRef = DFAF5ADA1C082B6C005691FA /* main.c */; };
/* End PBXBuildFile section */

/* Begin PBXCopyFilesBuildPhase section */
		DFAF5AD51C082B6C005691FA /* CopyFiles */ = {
			isa = PBXCopyFilesBuildPhase;
			buildActionMask = 2147483647;
			dstPath = /usr/share/man/man1/;
			dstSubfolderSpec = 0;
			files = (
			);
			runOnlyForDeploymentPostprocessing = 1;
		};
/* End PBXCopyFilesBuildPhase section */

/* Begin PBXFileReference section */
		DFAF5AD71C082B6C005691FA /* FUSE_Project */ = {isa = PBXFileReference; explicitFileType = "compiled.mach-o.executable"; includeInIndex = 0; path = FUSE_Project; sourceTree = BUILT_PRODUCTS_DIR; };
		DFAF5ADA1C082B6C005691FA /* main.c */ = {isa = PBXFileReference; lastKnownFileType = sourcecode.c.c; path = main.c; sourceTree = "<group>"; };
		DFAF5AE11C084A97005691FA /* fuse.h */ = {isa = PBXFileReference; lastKnownFileType = sourcecode.c.h; path = fuse.h; sourceTree = "<group>"; };
		DFAF5AE21C084AAC005691FA /* fuse_common_compat.h */ = {isa = PBXFileReference; lastKnownFileType = sourcecode.c.h; path = fuse_common_compat.h; sourceTree = "<group>"; };
		DFAF5AE31C084AAC005691FA /* fuse_common.h */ = {isa = PBXFileReference; lastKnownFileType = sourcecode.c.h; path = fuse_common.h; sourceTree = "<group>"; };
		DFAF5AE41C084AAC005691FA /* fuse_compat.h */ = {isa = PBXFileReference; lastKnownFileType = sourcecode.c.h; path = fuse_compat.h; sourceTree = "<group>"; };
		DFAF5AE51C084AAC005691FA /* fuse_kernel.h */ = {isa = PBXFileReference; lastKnownFileType = sourcecode.c.h; path = fuse_kernel.h; sourceTree = "<group>"; };
		DFAF5AE61C084AAC005691FA /* fuse_lowlevel_compat.h */ = {isa = PBXFileReference; lastKnownFileType = sourcecode.c.h; path = fuse_lowlevel_compat.h; sourceTree = "<group>"; };
		DFAF5AE71C084AAC005691FA /* fuse_lowlevel.h */ = {isa = PBXFileReference; lastKnownFileType = sourcecode.c.h; path = fuse_lowlevel.h; sourceTree = "<group>"; };
		DFAF5AE81C084AAC005691FA /* fuse_opt.h */ = {isa = PBXFileReference; lastKnownFileType = sourcecode.c.h; path = fuse_opt.h; sourceTree = "<group>"; };
		DFAF5AE91C084AB4005691FA /* cuse_lowlevel.h */ = {isa = PBXFileReference; lastKnownFileType = sourcecode.c.h; path = cuse_lowlevel.h; sourceTree = "<group>"; };
/* End PBXFileReference section */

/* Begin PBXFrameworksBuildPhase section */
		DFAF5AD41C082B6C005691FA /* Frameworks */ = {
			isa = PBXFrameworksBuildPhase;
			buildActionMask = 2147483647;
			files = (
			);
			runOnlyForDeploymentPostprocessing = 0;
		};
/* End PBXFrameworksBuildPhase section */

/* Begin PBXGroup section */
		DFAF5ACE1C082B6C005691FA = {
			isa = PBXGroup;
			children = (
				DFAF5AD91C082B6C005691FA /* FUSE_Project */,
				DFAF5AD81C082B6C005691FA /* Products */,
			);
			sourceTree = "<group>";
		};
		DFAF5AD81C082B6C005691FA /* Products */ = {
			isa = PBXGroup;
			children = (
				DFAF5AD71C082B6C005691FA /* FUSE_Project */,
			);
			name = Products;
			sourceTree = "<group>";
		};
		DFAF5AD91C082B6C005691FA /* FUSE_Project */ = {
			isa = PBXGroup;
			children = (
				DFAF5AE11C084A97005691FA /* fuse.h */,
				DFAF5AE21C084AAC005691FA /* fuse_common_compat.h */,
				DFAF5AE31C084AAC005691FA /* fuse_common.h */,
				DFAF5AE41C084AAC005691FA /* fuse_compat.h */,
				DFAF5AE51C084AAC005691FA /* fuse_kernel.h */,
				DFAF5AE61C084AAC005691FA /* fuse_lowlevel_compat.h */,
				DFAF5AE71C084AAC005691FA /* fuse_lowlevel.h */,
				DFAF5AE81C084AAC005691FA /* fuse_opt.h */,
				DFAF5AE91C084AB4005691FA /* cuse_lowlevel.h */,
				DFAF5ADA1C082B6C005691FA /* main.c */,
			);
			path = FUSE_Project;
			sourceTree = "<group>";
		};
/* End PBXGroup section */

/* Begin PBXNativeTarget section */
		DFAF5AD61C082B6C005691FA /* FUSE_Project */ = {
			isa = PBXNativeTarget;
			buildConfigurationList = DFAF5ADE1C082B6C005691FA /* Build configuration list for PBXNativeTarget "FUSE_Project" */;
			buildPhases = (
				DFAF5AD31C082B6C005691FA /* Sources */,
				DFAF5AD41C082B6C005691FA /* Frameworks */,
				DFAF5AD51C082B6C005691FA /* CopyFiles */,
			);
			buildRules = (
			);
			dependencies = (
			);
			name = FUSE_Project;
			productName = FUSE_Project;
			productReference = DFAF5AD71C082B6C005691FA /* FUSE_Project */;
			productType = "com.apple.product-type.tool";
		};
/* End PBXNativeTarget section */

/* Begin PBXProject section */
		DFAF5ACF1C082B6C005691FA /* Project object */ = {
			isa = PBXProject;
			attributes = {
				LastUpgradeCheck = 0710;
				TargetAttributes = {
					DFAF5AD61C082B6C005691FA = {
						CreatedOnToolsVersion = 7.1.1;
					};
				};
			};
			buildConfigurationList = DFAF5AD21C082B6C005691FA /* Build configuration list for PBXProject "FUSE_Project" */;
			compatibilityVersion = "Xcode 3.2";
			developmentRegion = English;
			hasScannedForEncodings = 0;
			knownRegions = (
				en,
			);
			mainGroup = DFAF5ACE1C082B6C005691FA;
			productRefGroup = DFAF5AD81C082B6C005691FA /* Products */;
			projectDirPath = "";
			projectRoot = "";
			targets = (
				DFAF5AD61C082B6C005691FA /* FUSE_Project */,
			);
		};
/* End PBXProject section */

/* Begin PBXSourcesBuildPhase section */
		DFAF5AD31C082B6C005691FA /* Sources */ = {
			isa = PBXSourcesBuildPhase;
			buildActionMask = 2147483647;
			files = (
				DFAF5ADB1C082B6C005691FA /* main.c in Sources */,
			);
			runOnlyForDeploymentPostprocessing = 0;
		};
/* End PBXSourcesBuildPhase section */

/* Begin XCBuildConfiguration section */
		DFAF5ADC1C082B6C005691FA /* Debug */ = {
			isa = XCBuildConfiguration;
			buildSettings = {
				ALWAYS_SEARCH_USER_PATHS = NO;
				CLANG_CXX_LANGUAGE_STANDARD = "gnu++0x";
				CLANG_CXX_LIBRARY = "libc++";
				CLANG_ENABLE_MODULES = YES;
				CLANG_ENABLE_OBJC_ARC = YES;
				CLANG_WARN_BOOL_CONVERSION = YES;
				CLANG_WARN_CONSTANT_CONVERSION = YES;
				CLANG_WARN_DIRECT_OBJC_ISA_USAGE = YES_ERROR;
				CLANG_WARN_EMPTY_BODY = YES;
				CLANG_WARN_ENUM_CONVERSION = YES;
				CLANG_WARN_INT_CONVERSION = YES;
				CLANG_WARN_OBJC_ROOT_CLASS = YES_ERROR;
				CLANG_WARN_UNREACHABLE_CODE = YES;
				CLANG_WARN__DUPLICATE_METHOD_MATCH = YES;
				CODE_SIGN_IDENTITY = "-";
				COPY_PHASE_STRIP = NO;
				DEBUG_INFORMATION_FORMAT = dwarf;
				ENABLE_STRICT_OBJC_MSGSEND = YES;
				ENABLE_TESTABILITY = YES;
				GCC_C_LANGUAGE_STANDARD = gnu99;
				GCC_DYNAMIC_NO_PIC = NO;
				GCC_NO_COMMON_BLOCKS = YES;
				GCC_OPTIMIZATION_LEVEL = 0;
				GCC_PREPROCESSOR_DEFINITIONS = (
					"DEBUG=1",
					"$(inherited)",
				);
				GCC_WARN_64_TO_32_BIT_CONVERSION = YES;
				GCC_WARN_ABOUT_RETURN_TYPE = YES_ERROR;
				GCC_WARN_UNDECLARED_SELECTOR = YES;
				GCC_WARN_UNINITIALIZED_AUTOS = YES_AGGRESSIVE;
				GCC_WARN_UNUSED_FUNCTION = YES;
				GCC_WARN_UNUSED_VARIABLE = YES;
				MACOSX_DEPLOYMENT_TARGET = 10.11;
				MTL_ENABLE_DEBUG_INFO = YES;
				ONLY_ACTIVE_ARCH = YES;
				SDKROOT = macosx;
			};
			name = Debug;
		};
		DFAF5ADD1C082B6C005691FA /* Release */ = {
			isa = XCBuildConfiguration;
			buildSettings = {
				ALWAYS_SEARCH_USER_PATHS = NO;
				CLANG_CXX_LANGUAGE_STANDARD = "gnu++0x";
				CLANG_CXX_LIBRARY = "libc++";
				CLANG_ENABLE_MODULES = YES;
				CLANG_ENABLE_OBJC_ARC = YES;
				CLANG_WARN_BOOL_CONVERSION = YES;
				CLANG_WARN_CONSTANT_CONVERSION = YES;
				CLANG_WARN_DIRECT_OBJC_ISA_USAGE = YES_ERROR;
				CLANG_WARN_EMPTY_BODY = YES;
				CLANG_WARN_ENUM_CONVERSION = YES;
				CLANG_WARN_INT_CONVERSION = YES;
				CLANG_WARN_OBJC_ROOT_CLASS = YES_ERROR;
				CLANG_WARN_UNREACHABLE_CODE = YES;
				CLANG_WARN__DUPLICATE_METHOD_MATCH = YES;
				CODE_SIGN_IDENTITY = "-";
				COPY_PHASE_STRIP = NO;
				DEBUG_INFORMATION_FORMAT = "dwarf-with-dsym";
				ENABLE_NS_ASSERTIONS = NO;
				ENABLE_STRICT_OBJC_MSGSEND = YES;
				GCC_C_LANGUAGE_STANDARD = gnu99;
				GCC_NO_COMMON_BLOCKS = YES;
				GCC_WARN_64_TO_32_BIT_CONVERSION = YES;
				GCC_WARN_ABOUT_RETURN_TYPE = YES_ERROR;
				GCC_WARN_UNDECLARED_SELECTOR = YES;
				GCC_WARN_UNINITIALIZED_AUTOS = YES_AGGRESSIVE;
				GCC_WARN_UNUSED_FUNCTION = YES;
				GCC_WARN_UNUSED_VARIABLE = YES;
				MACOSX_DEPLOYMENT_TARGET = 10.11;
				MTL_ENABLE_DEBUG_INFO = NO;
				SDKROOT = macosx;
			};
			name = Release;
		};
		DFAF5ADF1C082B6C005691FA /* Debug */ = {
			isa = XCBuildConfiguration;
			buildSettings = {
				OTHER_CFLAGS = "-D_FILE_OFFSET_BITS=64";
				PRODUCT_NAME = "$(TARGET_NAME)";
			};
			name = Debug;
		};
		DFAF5AE01C082B6C005691FA /* Release */ = {
			isa = XCBuildConfiguration;
			buildSettings = {
				OTHER_CFLAGS = "-D_FILE_OFFSET_BITS=64";
				PRODUCT_NAME = "$(TARGET_NAME)";
			};
			name = Release;
		};
/* End XCBuildConfiguration section */

/* Begin XCConfigurationList section */
		DFAF5AD21C082B6C005691FA /* Build configuration list for PBXProject "FUSE_Project" */ = {
			isa = XCConfigurationList;
			buildConfigurations = (
				DFAF5ADC1C082B6C005691FA /* Debug */,
				DFAF5ADD1C082B6C005691FA /* Release */,
			);
			defaultConfigurationIsVisible = 0;
			defaultConfigurationName = Release;
		};
		DFAF5ADE1C082B6C005691FA /* Build configuration list for PBXNativeTarget "FUSE_Project" */ = {
			isa = XCConfigurationList;
			buildConfigurations = (
				DFAF5ADF1C082B6C005691FA /* Debug */,
				DFAF5AE01C082B6C005691FA /* Release */,
			);
			defaultConfigurationIsVisible = 0;
		};
/* End XCConfigurationList section */
	};
	rootObject = DFAF5ACF1C082B6C005691FA /* Project object */;
}
